dependencies:
  idf:
    source:
      type: idf
    version: 6.0.0
  jgromes/radiolib:
    component_hash: 3baedfa4c97b2f9d97c8066f587ff425585f670bb22e8f039202a23924e94de7
    dependencies:
    - name: idf
      require: private
      version: '>=4.1'
    source:
      registry_url: https://components.espressif.com/
      type: service
    version: 7.6.0
direct_dependencies:
- idf
- jgromes/radiolib
manifest_hash: 29b97c2667832f44b0887ebfec1b006cf8ac848050151d60d57d289862270cec
target: esp32
version: 3.0.0
